
Microsoft Visual Studio Solution File, Format Version 12.00
# Visual Studio Version 16
VisualStudioVersion = 16.0.29519.87
MinimumVisualStudioVersion = 10.0.40219.1
Project("{FAE04EC0-301F-11D3-BF4B-00C04F79EFBC}") = "ProgLab11.3", "ProgLab11.3\ProgLab11.3.csproj", "{AD68D268-5C91-45B3-B5FD-DFB25B840AA2}"
EndProject
Global
	GlobalSection(SolutionConfigurationPlatforms) = preSolution
		Debug|Any CPU = Debug|Any CPU
		Release|Any CPU = Release|Any CPU
	EndGlobalSection
	GlobalSection(ProjectConfigurationPlatforms) = postSolution
		{AD68D268-5C91-45B3-B5FD-DFB25B840AA2}.Debug|Any CPU.ActiveCfg = Debug|Any CPU
		{AD68D268-5C91-45B3-B5FD-DFB25B840AA2}.Debug|Any CPU.Build.0 = Debug|Any CPU
		{AD68D268-5C91-45B3-B5FD-DFB25B840AA2}.Release|Any CPU.ActiveCfg = Release|Any CPU
		{AD68D268-5C91-45B3-B5FD-DFB25B840AA2}.Release|Any CPU.Build.0 = Release|Any CPU
	EndGlobalSection
	GlobalSection(SolutionProperties) = preSolution
		HideSolutionNode = FALSE
	EndGlobalSection
	GlobalSection(ExtensibilityGlobals) = postSolution
		SolutionGuid = {1B8FE2CD-8E69-4D92-B647-FFECCFFB5428}
	EndGlobalSection
EndGlobal
